// !$*UTF8*$!
{
	archiveVersion = 1;
	classes = {
	};
	objectVersion = 60;
	objects = {

/* Begin PBXBuildFile section */
		748A75EA2F2A81150000E117 /* Achievement.swift in Sources */ = {isa = PBXBuildFile; fileRef = 748A75C22F2A81150000E117 /* Achievement.swift */; };
		748A75EB2F2A81150000E117 /* LogEntry.swift in Sources */ = {isa = PBXBuildFile; fileRef = 748A75C32F2A81150000E117 /* LogEntry.swift */; };
		748A75EC2F2A81150000E117 /* Plant.swift in Sources */ = {isa = PBXBuildFile; fileRef = 748A75C42F2A81150000E117 /* Plant.swift */; };
		748A75ED2F2A81150000E117 /* DataService.swift in Sources */ = {isa = PBXBuildFile; fileRef = 748A75C62F2A81150000E117 /* DataService.swift */; };
		748A75EE2F2A81150000E117 /* CollectionViewModel.swift in Sources */ = {isa = PBXBuildFile; fileRef = 748A75C82F2A81150000E117 /* CollectionViewModel.swift */; };
		748A75EF2F2A81150000E117 /* GardenViewModel.swift in Sources */ = {isa = PBXBuildFile; fileRef = 748A75C92F2A81150000E117 /* GardenViewModel.swift */; };
		748A75F02F2A81150000E117 /* InsightViewModel.swift in Sources */ = {isa = PBXBuildFile; fileRef = 748A75CA2F2A81150000E117 /* InsightViewModel.swift */; };
		748A75F12F2A81150000E117 /* LogEntryViewModel.swift in Sources */ = {isa = PBXBuildFile; fileRef = 748A75CB2F2A81150000E117 /* LogEntryViewModel.swift */; };
		748A75F22F2A81150000E117 /* CheckLink.swift in Sources */ = {isa = PBXBuildFile; fileRef = 748A75CD2F2A81150000E117 /* CheckLink.swift */; };
		748A75F32F2A81150000E117 /* InternetViewController.swift in Sources */ = {isa = PBXBuildFile; fileRef = 748A75CE2F2A81150000E117 /* InternetViewController.swift */; };
		748A75F42F2A81150000E117 /* LoaderViewController.swift in Sources */ = {isa = PBXBuildFile; fileRef = 748A75CF2F2A81150000E117 /* LoaderViewController.swift */; };
		748A75F52F2A81150000E117 /* PlantShapes.swift in Sources */ = {isa = PBXBuildFile; fileRef = 748A75D12F2A81150000E117 /* PlantShapes.swift */; };
		748A75F62F2A81150000E117 /* WaterShapes.swift in Sources */ = {isa = PBXBuildFile; fileRef = 748A75D22F2A81150000E117 /* WaterShapes.swift */; };
		748A75F72F2A81150000E117 /* BugView.swift in Sources */ = {isa = PBXBuildFile; fileRef = 748A75D42F2A81150000E117 /* BugView.swift */; };
		748A75F82F2A81150000E117 /* CalendarView.swift in Sources */ = {isa = PBXBuildFile; fileRef = 748A75D52F2A81150000E117 /* CalendarView.swift */; };
		748A75F92F2A81150000E117 /* CollectionView.swift in Sources */ = {isa = PBXBuildFile; fileRef = 748A75D62F2A81150000E117 /* CollectionView.swift */; };
		748A75FA2F2A81150000E117 /* DecorativeElements.swift in Sources */ = {isa = PBXBuildFile; fileRef = 748A75D72F2A81150000E117 /* DecorativeElements.swift */; };
		748A75FB2F2A81150000E117 /* GardenView.swift in Sources */ = {isa = PBXBuildFile; fileRef = 748A75D82F2A81150000E117 /* GardenView.swift */; };
		748A75FC2F2A81150000E117 /* HomeView.swift in Sources */ = {isa = PBXBuildFile; fileRef = 748A75D92F2A81150000E117 /* HomeView.swift */; };
		748A75FD2F2A81150000E117 /* InsightView.swift in Sources */ = {isa = PBXBuildFile; fileRef = 748A75DA2F2A81150000E117 /* InsightView.swift */; };
		748A75FE2F2A81150000E117 /* LogEntryView.swift in Sources */ = {isa = PBXBuildFile; fileRef = 748A75DB2F2A81150000E117 /* LogEntryView.swift */; };
		748A75FF2F2A81150000E117 /* OnboardingView.swift in Sources */ = {isa = PBXBuildFile; fileRef = 748A75DC2F2A81150000E117 /* OnboardingView.swift */; };
		748A76002F2A81150000E117 /* SettingsView.swift in Sources */ = {isa = PBXBuildFile; fileRef = 748A75DD2F2A81150000E117 /* SettingsView.swift */; };
		748A76012F2A81150000E117 /* AppDelegate.swift in Sources */ = {isa = PBXBuildFile; fileRef = 748A75DF2F2A81150000E117 /* AppDelegate.swift */; };
		748A76022F2A81150000E117 /* ContentView.swift in Sources */ = {isa = PBXBuildFile; fileRef = 748A75E12F2A81150000E117 /* ContentView.swift */; };
		748A76032F2A81150000E117 /* SceneDelegate.swift in Sources */ = {isa = PBXBuildFile; fileRef = 748A75E72F2A81150000E117 /* SceneDelegate.swift */; };
		748A76042F2A81150000E117 /* ViewController.swift in Sources */ = {isa = PBXBuildFile; fileRef = 748A75E82F2A81150000E117 /* ViewController.swift */; };
		748A76052F2A81150000E117 /* Assets.xcassets in Resources */ = {isa = PBXBuildFile; fileRef = 748A75E02F2A81150000E117 /* Assets.xcassets */; };
		748A76072F2A81150000E117 /* LaunchScreen.storyboard in Resources */ = {isa = PBXBuildFile; fileRef = 748A75E42F2A81150000E117 /* LaunchScreen.storyboard */; };
		748A76082F2A81150000E117 /* Main.storyboard in Resources */ = {isa = PBXBuildFile; fileRef = 748A75E62F2A81150000E117 /* Main.storyboard */; };
/* End PBXBuildFile section */

/* Begin PBXFileReference section */
		34DFF0D26A6FBC073519661D /* Pods-66MindStream.debug.xcconfig */ = {isa = PBXFileReference; includeInIndex = 1; lastKnownFileType = text.xcconfig; name = "Pods-66MindStream.debug.xcconfig"; path = "Target Support Files/Pods-66MindStream/Pods-66MindStream.debug.xcconfig"; sourceTree = "<group>"; };
		65379CA5E2897822C07878DF /* Pods-66MindStream.release.xcconfig */ = {isa = PBXFileReference; includeInIndex = 1; lastKnownFileType = text.xcconfig; name = "Pods-66MindStream.release.xcconfig"; path = "Target Support Files/Pods-66MindStream/Pods-66MindStream.release.xcconfig"; sourceTree = "<group>"; };
		740D84DE2F23594600419479 /* 66MindStream.app */ = {isa = PBXFileReference; explicitFileType = wrapper.application; includeInIndex = 0; path = 66MindStream.app; sourceTree = BUILT_PRODUCTS_DIR; };
		748A75C22F2A81150000E117 /* Achievement.swift */ = {isa = PBXFileReference; lastKnownFileType = sourcecode.swift; path = Achievement.swift; sourceTree = "<group>"; };
		748A75C32F2A81150000E117 /* LogEntry.swift */ = {isa = PBXFileReference; lastKnownFileType = sourcecode.swift; path = LogEntry.swift; sourceTree = "<group>"; };
		748A75C42F2A81150000E117 /* Plant.swift */ = {isa = PBXFileReference; lastKnownFileType = sourcecode.swift; path = Plant.swift; sourceTree = "<group>"; };
		748A75C62F2A81150000E117 /* DataService.swift */ = {isa = PBXFileReference; lastKnownFileType = sourcecode.swift; path = DataService.swift; sourceTree = "<group>"; };
		748A75C82F2A81150000E117 /* CollectionViewModel.swift */ = {isa = PBXFileReference; lastKnownFileType = sourcecode.swift; path = CollectionViewModel.swift; sourceTree = "<group>"; };
		748A75C92F2A81150000E117 /* GardenViewModel.swift */ = {isa = PBXFileReference; lastKnownFileType = sourcecode.swift; path = GardenViewModel.swift; sourceTree = "<group>"; };
		748A75CA2F2A81150000E117 /* InsightViewModel.swift */ = {isa = PBXFileReference; lastKnownFileType = sourcecode.swift; path = InsightViewModel.swift; sourceTree = "<group>"; };
		748A75CB2F2A81150000E117 /* LogEntryViewModel.swift */ = {isa = PBXFileReference; lastKnownFileType = sourcecode.swift; path = LogEntryViewModel.swift; sourceTree = "<group>"; };
		748A75CD2F2A81150000E117 /* CheckLink.swift */ = {isa = PBXFileReference; lastKnownFileType = sourcecode.swift; path = CheckLink.swift; sourceTree = "<group>"; };
		748A75CE2F2A81150000E117 /* InternetViewController.swift */ = {isa = PBXFileReference; lastKnownFileType = sourcecode.swift; path = InternetViewController.swift; sourceTree = "<group>"; };
		748A75CF2F2A81150000E117 /* LoaderViewController.swift */ = {isa = PBXFileReference; lastKnownFileType = sourcecode.swift; path = LoaderViewController.swift; sourceTree = "<group>"; };
		748A75D12F2A81150000E117 /* PlantShapes.swift */ = {isa = PBXFileReference; lastKnownFileType = sourcecode.swift; path = PlantShapes.swift; sourceTree = "<group>"; };
		748A75D22F2A81150000E117 /* WaterShapes.swift */ = {isa = PBXFileReference; lastKnownFileType = sourcecode.swift; path = WaterShapes.swift; sourceTree = "<group>"; };
		748A75D42F2A81150000E117 /* BugView.swift */ = {isa = PBXFileReference; lastKnownFileType = sourcecode.swift; path = BugView.swift; sourceTree = "<group>"; };
		748A75D52F2A81150000E117 /* CalendarView.swift */ = {isa = PBXFileReference; lastKnownFileType = sourcecode.swift; path = CalendarView.swift; sourceTree = "<group>"; };
		748A75D62F2A81150000E117 /* CollectionView.swift */ = {isa = PBXFileReference; lastKnownFileType = sourcecode.swift; path = CollectionView.swift; sourceTree = "<group>"; };
		748A75D72F2A81150000E117 /* DecorativeElements.swift */ = {isa = PBXFileReference; lastKnownFileType = sourcecode.swift; path = DecorativeElements.swift; sourceTree = "<group>"; };
		748A75D82F2A81150000E117 /* GardenView.swift */ = {isa = PBXFileReference; lastKnownFileType = sourcecode.swift; path = GardenView.swift; sourceTree = "<group>"; };
		748A75D92F2A81150000E117 /* HomeView.swift */ = {isa = PBXFileReference; lastKnownFileType = sourcecode.swift; path = HomeView.swift; sourceTree = "<group>"; };
		748A75DA2F2A81150000E117 /* InsightView.swift */ = {isa = PBXFileReference; lastKnownFileType = sourcecode.swift; path = InsightView.swift; sourceTree = "<group>"; };
		748A75DB2F2A81150000E117 /* LogEntryView.swift */ = {isa = PBXFileReference; lastKnownFileType = sourcecode.swift; path = LogEntryView.swift; sourceTree = "<group>"; };
		748A75DC2F2A81150000E117 /* OnboardingView.swift */ = {isa = PBXFileReference; lastKnownFileType = sourcecode.swift; path = OnboardingView.swift; sourceTree = "<group>"; };
		748A75DD2F2A81150000E117 /* SettingsView.swift */ = {isa = PBXFileReference; lastKnownFileType = sourcecode.swift; path = SettingsView.swift; sourceTree = "<group>"; };
		748A75DF2F2A81150000E117 /* AppDelegate.swift */ = {isa = PBXFileReference; lastKnownFileType = sourcecode.swift; path = AppDelegate.swift; sourceTree = "<group>"; };
		748A75E02F2A81150000E117 /* Assets.xcassets */ = {isa = PBXFileReference; lastKnownFileType = folder.assetcatalog; path = Assets.xcassets; sourceTree = "<group>"; };
		748A75E12F2A81150000E117 /* ContentView.swift */ = {isa = PBXFileReference; lastKnownFileType = sourcecode.swift; path = ContentView.swift; sourceTree = "<group>"; };
		748A75E22F2A81150000E117 /* Info.plist */ = {isa = PBXFileReference; lastKnownFileType = text.plist.xml; path = Info.plist; sourceTree = "<group>"; };
		748A75E32F2A81150000E117 /* Base */ = {isa = PBXFileReference; lastKnownFileType = file.storyboard; name = Base; path = Base.lproj/LaunchScreen.storyboard; sourceTree = "<group>"; };
		748A75E52F2A81150000E117 /* Base */ = {isa = PBXFileReference; lastKnownFileType = file.storyboard; name = Base; path = Base.lproj/Main.storyboard; sourceTree = "<group>"; };
		748A75E72F2A81150000E117 /* SceneDelegate.swift */ = {isa = PBXFileReference; lastKnownFileType = sourcecode.swift; path = SceneDelegate.swift; sourceTree = "<group>"; };
		748A75E82F2A81150000E117 /* ViewController.swift */ = {isa = PBXFileReference; lastKnownFileType = sourcecode.swift; path = ViewController.swift; sourceTree = "<group>"; };
		7D40513FB1210D1E2B1E84CC /* Pods_66MindStream.framework */ = {isa = PBXFileReference; explicitFileType = wrapper.framework; includeInIndex = 0; path = Pods_66MindStream.framework; sourceTree = BUILT_PRODUCTS_DIR; };
/* End PBXFileReference section */

/* Begin PBXFrameworksBuildPhase section */
		740D84DB2F23594600419479 /* Frameworks */ = {
			isa = PBXFrameworksBuildPhase;
			buildActionMask = 2147483647;
			files = (
			);
			runOnlyForDeploymentPostprocessing = 0;
		};
/* End PBXFrameworksBuildPhase section */

/* Begin PBXGroup section */
		11593BAB574F68A0635FEF17 /* Frameworks */ = {
			isa = PBXGroup;
			children = (
				7D40513FB1210D1E2B1E84CC /* Pods_66MindStream.framework */,
			);
			name = Frameworks;
			sourceTree = "<group>";
		};
		73B021EE8A288B0CC0421136 /* Pods */ = {
			isa = PBXGroup;
			children = (
				34DFF0D26A6FBC073519661D /* Pods-66MindStream.debug.xcconfig */,
				65379CA5E2897822C07878DF /* Pods-66MindStream.release.xcconfig */,
			);
			path = Pods;
			sourceTree = "<group>";
		};
		740D84D52F23594600419479 = {
			isa = PBXGroup;
			children = (
				748A75E92F2A81150000E117 /* 66MindStream */,
				740D84DF2F23594600419479 /* Products */,
				73B021EE8A288B0CC0421136 /* Pods */,
				11593BAB574F68A0635FEF17 /* Frameworks */,
			);
			sourceTree = "<group>";
		};
		740D84DF2F23594600419479 /* Products */ = {
			isa = PBXGroup;
			children = (
				740D84DE2F23594600419479 /* 66MindStream.app */,
			);
			name = Products;
			sourceTree = "<group>";
		};
		748A75C52F2A81150000E117 /* Models */ = {
			isa = PBXGroup;
			children = (
				748A75C22F2A81150000E117 /* Achievement.swift */,
				748A75C32F2A81150000E117 /* LogEntry.swift */,
				748A75C42F2A81150000E117 /* Plant.swift */,
			);
			path = Models;
			sourceTree = "<group>";
		};
		748A75C72F2A81150000E117 /* Services */ = {
			isa = PBXGroup;
			children = (
				748A75C62F2A81150000E117 /* DataService.swift */,
			);
			path = Services;
			sourceTree = "<group>";
		};
		748A75CC2F2A81150000E117 /* ViewModels */ = {
			isa = PBXGroup;
			children = (
				748A75C82F2A81150000E117 /* CollectionViewModel.swift */,
				748A75C92F2A81150000E117 /* GardenViewModel.swift */,
				748A75CA2F2A81150000E117 /* InsightViewModel.swift */,
				748A75CB2F2A81150000E117 /* LogEntryViewModel.swift */,
			);
			path = ViewModels;
			sourceTree = "<group>";
		};
		748A75D02F2A81150000E117 /* LoadingView */ = {
			isa = PBXGroup;
			children = (
				748A75CD2F2A81150000E117 /* CheckLink.swift */,
				748A75CE2F2A81150000E117 /* InternetViewController.swift */,
				748A75CF2F2A81150000E117 /* LoaderViewController.swift */,
			);
			path = LoadingView;
			sourceTree = "<group>";
		};
		748A75D32F2A81150000E117 /* Shapes */ = {
			isa = PBXGroup;
			children = (
				748A75D12F2A81150000E117 /* PlantShapes.swift */,
				748A75D22F2A81150000E117 /* WaterShapes.swift */,
			);
			path = Shapes;
			sourceTree = "<group>";
		};
		748A75DE2F2A81150000E117 /* Views */ = {
			isa = PBXGroup;
			children = (
				748A75D02F2A81150000E117 /* LoadingView */,
				748A75D32F2A81150000E117 /* Shapes */,
				748A75D42F2A81150000E117 /* BugView.swift */,
				748A75D52F2A81150000E117 /* CalendarView.swift */,
				748A75D62F2A81150000E117 /* CollectionView.swift */,
				748A75D72F2A81150000E117 /* DecorativeElements.swift */,
				748A75D82F2A81150000E117 /* GardenView.swift */,
				748A75D92F2A81150000E117 /* HomeView.swift */,
				748A75DA2F2A81150000E117 /* InsightView.swift */,
				748A75DB2F2A81150000E117 /* LogEntryView.swift */,
				748A75DC2F2A81150000E117 /* OnboardingView.swift */,
				748A75DD2F2A81150000E117 /* SettingsView.swift */,
			);
			path = Views;
			sourceTree = "<group>";
		};
		748A75E92F2A81150000E117 /* 66MindStream */ = {
			isa = PBXGroup;
			children = (
				748A75C52F2A81150000E117 /* Models */,
				748A75C72F2A81150000E117 /* Services */,
				748A75CC2F2A81150000E117 /* ViewModels */,
				748A75DE2F2A81150000E117 /* Views */,
				748A75DF2F2A81150000E117 /* AppDelegate.swift */,
				748A75E02F2A81150000E117 /* Assets.xcassets */,
				748A75E12F2A81150000E117 /* ContentView.swift */,
				748A75E22F2A81150000E117 /* Info.plist */,
				748A75E42F2A81150000E117 /* LaunchScreen.storyboard */,
				748A75E62F2A81150000E117 /* Main.storyboard */,
				748A75E72F2A81150000E117 /* SceneDelegate.swift */,
				748A75E82F2A81150000E117 /* ViewController.swift */,
			);
			path = 66MindStream;
			sourceTree = "<group>";
		};
/* End PBXGroup section */

/* Begin PBXNativeTarget section */
		740D84DD2F23594600419479 /* 66MindStream */ = {
			isa = PBXNativeTarget;
			buildConfigurationList = 740D84F12F23594700419479 /* Build configuration list for PBXNativeTarget "66MindStream" */;
			buildPhases = (
				C5FF279F2165A8FBE655715F /* [CP] Check Pods Manifest.lock */,
				740D84DA2F23594600419479 /* Sources */,
				740D84DB2F23594600419479 /* Frameworks */,
				740D84DC2F23594600419479 /* Resources */,
			);
			buildRules = (
			);
			dependencies = (
			);
			name = 66MindStream;
			productName = 66MindStream;
			productReference = 740D84DE2F23594600419479 /* 66MindStream.app */;
			productType = "com.apple.product-type.application";
		};
/* End PBXNativeTarget section */

/* Begin PBXProject section */
		740D84D62F23594600419479 /* Project object */ = {
			isa = PBXProject;
			attributes = {
				BuildIndependentTargetsInParallel = 1;
				LastSwiftUpdateCheck = 2620;
				LastUpgradeCheck = 2620;
				TargetAttributes = {
					740D84DD2F23594600419479 = {
						CreatedOnToolsVersion = 26.2;
					};
				};
			};
			buildConfigurationList = 740D84D92F23594600419479 /* Build configuration list for PBXProject "66MindStream" */;
			compatibilityVersion = "Xcode 15.0";
			developmentRegion = en;
			hasScannedForEncodings = 0;
			knownRegions = (
				en,
				Base,
			);
			mainGroup = 740D84D52F23594600419479;
			productRefGroup = 740D84DF2F23594600419479 /* Products */;
			projectDirPath = "";
			projectRoot = "";
			targets = (
				740D84DD2F23594600419479 /* 66MindStream */,
			);
		};
/* End PBXProject section */

/* Begin PBXResourcesBuildPhase section */
		740D84DC2F23594600419479 /* Resources */ = {
			isa = PBXResourcesBuildPhase;
			buildActionMask = 2147483647;
			files = (
				748A76052F2A81150000E117 /* Assets.xcassets in Resources */,
				748A76072F2A81150000E117 /* LaunchScreen.storyboard in Resources */,
				748A76082F2A81150000E117 /* Main.storyboard in Resources */,
			);
			runOnlyForDeploymentPostprocessing = 0;
		};
/* End PBXResourcesBuildPhase section */

/* Begin PBXShellScriptBuildPhase section */
		C5FF279F2165A8FBE655715F /* [CP] Check Pods Manifest.lock */ = {
			isa = PBXShellScriptBuildPhase;
			buildActionMask = 2147483647;
			files = (
			);
			inputFileListPaths = (
			);
			inputPaths = (
				"${PODS_PODFILE_DIR_PATH}/Podfile.lock",
				"${PODS_ROOT}/Manifest.lock",
			);
			name = "[CP] Check Pods Manifest.lock";
			outputFileListPaths = (
			);
			outputPaths = (
				"$(DERIVED_FILE_DIR)/Pods-66MindStream-checkManifestLockResult.txt",
			);
			runOnlyForDeploymentPostprocessing = 0;
			shellPath = /bin/sh;
			shellScript = "diff \"${PODS_PODFILE_DIR_PATH}/Podfile.lock\" \"${PODS_ROOT}/Manifest.lock\" > /dev/null\nif [ $? != 0 ] ; then\n    # print error to STDERR\n    echo \"error: The sandbox is not in sync with the Podfile.lock. Run 'pod install' or update your CocoaPods installation.\" >&2\n    exit 1\nfi\n# This output is used by Xcode 'outputs' to avoid re-running this script phase.\necho \"SUCCESS\" > \"${SCRIPT_OUTPUT_FILE_0}\"\n";
			showEnvVarsInLog = 0;
		};
/* End PBXShellScriptBuildPhase section */

/* Begin PBXSourcesBuildPhase section */
		740D84DA2F23594600419479 /* Sources */ = {
			isa = PBXSourcesBuildPhase;
			buildActionMask = 2147483647;
			files = (
				748A75EA2F2A81150000E117 /* Achievement.swift in Sources */,
				748A75EB2F2A81150000E117 /* LogEntry.swift in Sources */,
				748A75EC2F2A81150000E117 /* Plant.swift in Sources */,
				748A75ED2F2A81150000E117 /* DataService.swift in Sources */,
				748A75EE2F2A81150000E117 /* CollectionViewModel.swift in Sources */,
				748A75EF2F2A81150000E117 /* GardenViewModel.swift in Sources */,
				748A75F02F2A81150000E117 /* InsightViewModel.swift in Sources */,
				748A75F12F2A81150000E117 /* LogEntryViewModel.swift in Sources */,
				748A75F22F2A81150000E117 /* CheckLink.swift in Sources */,
				748A75F32F2A81150000E117 /* InternetViewController.swift in Sources */,
				748A75F42F2A81150000E117 /* LoaderViewController.swift in Sources */,
				748A75F52F2A81150000E117 /* PlantShapes.swift in Sources */,
				748A75F62F2A81150000E117 /* WaterShapes.swift in Sources */,
				748A75F72F2A81150000E117 /* BugView.swift in Sources */,
				748A75F82F2A81150000E117 /* CalendarView.swift in Sources */,
				748A75F92F2A81150000E117 /* CollectionView.swift in Sources */,
				748A75FA2F2A81150000E117 /* DecorativeElements.swift in Sources */,
				748A75FB2F2A81150000E117 /* GardenView.swift in Sources */,
				748A75FC2F2A81150000E117 /* HomeView.swift in Sources */,
				748A75FD2F2A81150000E117 /* InsightView.swift in Sources */,
				748A75FE2F2A81150000E117 /* LogEntryView.swift in Sources */,
				748A75FF2F2A81150000E117 /* OnboardingView.swift in Sources */,
				748A76002F2A81150000E117 /* SettingsView.swift in Sources */,
				748A76012F2A81150000E117 /* AppDelegate.swift in Sources */,
				748A76022F2A81150000E117 /* ContentView.swift in Sources */,
				748A76032F2A81150000E117 /* SceneDelegate.swift in Sources */,
				748A76042F2A81150000E117 /* ViewController.swift in Sources */,
			);
			runOnlyForDeploymentPostprocessing = 0;
		};
/* End PBXSourcesBuildPhase section */

/* Begin PBXVariantGroup section */
		748A75E42F2A81150000E117 /* LaunchScreen.storyboard */ = {
			isa = PBXVariantGroup;
			children = (
				748A75E32F2A81150000E117 /* Base */,
			);
			name = LaunchScreen.storyboard;
			sourceTree = "<group>";
		};
		748A75E62F2A81150000E117 /* Main.storyboard */ = {
			isa = PBXVariantGroup;
			children = (
				748A75E52F2A81150000E117 /* Base */,
			);
			name = Main.storyboard;
			sourceTree = "<group>";
		};
/* End PBXVariantGroup section */

/* Begin XCBuildConfiguration section */
		740D84F22F23594700419479 /* Debug */ = {
			isa = XCBuildConfiguration;
			baseConfigurationReference = 34DFF0D26A6FBC073519661D /* Pods-66MindStream.debug.xcconfig */;
			buildSettings = {
				ASSETCATALOG_COMPILER_APPICON_NAME = AppIcon;
				ASSETCATALOG_COMPILER_GLOBAL_ACCENT_COLOR_NAME = AccentColor;
				CODE_SIGN_STYLE = Automatic;
				CURRENT_PROJECT_VERSION = 1;
				GENERATE_INFOPLIST_FILE = YES;
				INFOPLIST_FILE = 66MindStream/Info.plist;
				INFOPLIST_KEY_CFBundleDisplayName = "Stream Mind";
				INFOPLIST_KEY_UIApplicationSupportsIndirectInputEvents = YES;
				INFOPLIST_KEY_UILaunchStoryboardName = LaunchScreen;
				INFOPLIST_KEY_UIMainStoryboardFile = Main;
				INFOPLIST_KEY_UISupportedInterfaceOrientations = UIInterfaceOrientationPortrait;
				INFOPLIST_KEY_UISupportedInterfaceOrientations_iPad = "UIInterfaceOrientationLandscapeLeft UIInterfaceOrientationLandscapeRight UIInterfaceOrientationPortrait UIInterfaceOrientationPortraitUpsideDown";
				IPHONEOS_DEPLOYMENT_TARGET = 16.6;
				LD_RUNPATH_SEARCH_PATHS = (
					"$(inherited)",
					"@executable_path/Frameworks",
				);
				MARKETING_VERSION = 1.0;
				PRODUCT_BUNDLE_IDENTIFIER = com.luu.str34m1nd;
				PRODUCT_NAME = "$(TARGET_NAME)";
				STRING_CATALOG_GENERATE_SYMBOLS = YES;
				SUPPORTED_PLATFORMS = "iphoneos iphonesimulator";
				SUPPORTS_MACCATALYST = NO;
				SUPPORTS_MAC_DESIGNED_FOR_IPHONE_IPAD = NO;
				SUPPORTS_XR_DESIGNED_FOR_IPHONE_IPAD = NO;
				SWIFT_APPROACHABLE_CONCURRENCY = YES;
				SWIFT_DEFAULT_ACTOR_ISOLATION = MainActor;
				SWIFT_EMIT_LOC_STRINGS = YES;
				SWIFT_UPCOMING_FEATURE_MEMBER_IMPORT_VISIBILITY = YES;
				SWIFT_VERSION = 5.0;
				TARGETED_DEVICE_FAMILY = 1;
			};
			name = Debug;
		};
		740D84F32F23594700419479 /* Release */ = {
			isa = XCBuildConfiguration;
			baseConfigurationReference = 65379CA5E2897822C07878DF /* Pods-66MindStream.release.xcconfig */;
			buildSettings = {
				ASSETCATALOG_COMPILER_APPICON_NAME = AppIcon;
				ASSETCATALOG_COMPILER_GLOBAL_ACCENT_COLOR_NAME = AccentColor;
				CODE_SIGN_STYLE = Automatic;
				CURRENT_PROJECT_VERSION = 1;
				GENERATE_INFOPLIST_FILE = YES;
				INFOPLIST_FILE = 66MindStream/Info.plist;
				INFOPLIST_KEY_CFBundleDisplayName = "Stream Mind";
				INFOPLIST_KEY_UIApplicationSupportsIndirectInputEvents = YES;
				INFOPLIST_KEY_UILaunchStoryboardName = LaunchScreen;
				INFOPLIST_KEY_UIMainStoryboardFile = Main;
				INFOPLIST_KEY_UISupportedInterfaceOrientations = UIInterfaceOrientationPortrait;
				INFOPLIST_KEY_UISupportedInterfaceOrientations_iPad = "UIInterfaceOrientationLandscapeLeft UIInterfaceOrientationLandscapeRight UIInterfaceOrientationPortrait UIInterfaceOrientationPortraitUpsideDown";
				IPHONEOS_DEPLOYMENT_TARGET = 16.6;
				LD_RUNPATH_SEARCH_PATHS = (
					"$(inherited)",
					"@executable_path/Frameworks",
				);
				MARKETING_VERSION = 1.0;
				PRODUCT_BUNDLE_IDENTIFIER = com.luu.str34m1nd;
				PRODUCT_NAME = "$(TARGET_NAME)";
				STRING_CATALOG_GENERATE_SYMBOLS = YES;
				SUPPORTED_PLATFORMS = "iphoneos iphonesimulator";
				SUPPORTS_MACCATALYST = NO;
				SUPPORTS_MAC_DESIGNED_FOR_IPHONE_IPAD = NO;
				SUPPORTS_XR_DESIGNED_FOR_IPHONE_IPAD = NO;
				SWIFT_APPROACHABLE_CONCURRENCY = YES;
				SWIFT_DEFAULT_ACTOR_ISOLATION = MainActor;
				SWIFT_EMIT_LOC_STRINGS = YES;
				SWIFT_UPCOMING_FEATURE_MEMBER_IMPORT_VISIBILITY = YES;
				SWIFT_VERSION = 5.0;
				TARGETED_DEVICE_FAMILY = 1;
			};
			name = Release;
		};
		740D84F42F23594700419479 /* Debug */ = {
			isa = XCBuildConfiguration;
			buildSettings = {
				ALWAYS_SEARCH_USER_PATHS = NO;
				ASSETCATALOG_COMPILER_GENERATE_SWIFT_ASSET_SYMBOL_EXTENSIONS = YES;
				CLANG_ANALYZER_NONNULL = YES;
				CLANG_ANALYZER_NUMBER_OBJECT_CONVERSION = YES_AGGRESSIVE;
				CLANG_CXX_LANGUAGE_STANDARD = "gnu++20";
				CLANG_ENABLE_MODULES = YES;
				CLANG_ENABLE_OBJC_ARC = YES;
				CLANG_ENABLE_OBJC_WEAK = YES;
				CLANG_WARN_BLOCK_CAPTURE_AUTORELEASING = YES;
				CLANG_WARN_BOOL_CONVERSION = YES;
				CLANG_WARN_COMMA = YES;
				CLANG_WARN_CONSTANT_CONVERSION = YES;
				CLANG_WARN_DEPRECATED_OBJC_IMPLEMENTATIONS = YES;
				CLANG_WARN_DIRECT_OBJC_ISA_USAGE = YES_ERROR;
				CLANG_WARN_DOCUMENTATION_COMMENTS = YES;
				CLANG_WARN_EMPTY_BODY = YES;
				CLANG_WARN_ENUM_CONVERSION = YES;
				CLANG_WARN_INFINITE_RECURSION = YES;
				CLANG_WARN_INT_CONVERSION = YES;
				CLANG_WARN_NON_LITERAL_NULL_CONVERSION = YES;
				CLANG_WARN_OBJC_IMPLICIT_RETAIN_SELF = YES;
				CLANG_WARN_OBJC_LITERAL_CONVERSION = YES;
				CLANG_WARN_OBJC_ROOT_CLASS = YES_ERROR;
				CLANG_WARN_QUOTED_INCLUDE_IN_FRAMEWORK_HEADER = YES;
				CLANG_WARN_RANGE_LOOP_ANALYSIS = YES;
				CLANG_WARN_STRICT_PROTOTYPES = YES;
				CLANG_WARN_SUSPICIOUS_MOVE = YES;
				CLANG_WARN_UNGUARDED_AVAILABILITY = YES_AGGRESSIVE;
				CLANG_WARN_UNREACHABLE_CODE = YES;
				CLANG_WARN__DUPLICATE_METHOD_MATCH = YES;
				COPY_PHASE_STRIP = NO;
				DEBUG_INFORMATION_FORMAT = dwarf;
				ENABLE_STRICT_OBJC_MSGSEND = YES;
				ENABLE_TESTABILITY = YES;
				ENABLE_USER_SCRIPT_SANDBOXING = YES;
				GCC_C_LANGUAGE_STANDARD = gnu17;
				GCC_DYNAMIC_NO_PIC = NO;
				GCC_NO_COMMON_BLOCKS = YES;
				GCC_OPTIMIZATION_LEVEL = 0;
				GCC_PREPROCESSOR_DEFINITIONS = (
					"DEBUG=1",
					"$(inherited)",
				);
				GCC_WARN_64_TO_32_BIT_CONVERSION = YES;
				GCC_WARN_ABOUT_RETURN_TYPE = YES_ERROR;
				GCC_WARN_UNDECLARED_SELECTOR = YES;
				GCC_WARN_UNINITIALIZED_AUTOS = YES_AGGRESSIVE;
				GCC_WARN_UNUSED_FUNCTION = YES;
				GCC_WARN_UNUSED_VARIABLE = YES;
				IPHONEOS_DEPLOYMENT_TARGET = 26.2;
				LOCALIZATION_PREFERS_STRING_CATALOGS = YES;
				MTL_ENABLE_DEBUG_INFO = INCLUDE_SOURCE;
				MTL_FAST_MATH = YES;
				ONLY_ACTIVE_ARCH = YES;
				SDKROOT = iphoneos;
				SWIFT_ACTIVE_COMPILATION_CONDITIONS = "DEBUG $(inherited)";
				SWIFT_OPTIMIZATION_LEVEL = "-Onone";
			};
			name = Debug;
		};
		740D84F52F23594700419479 /* Release */ = {
			isa = XCBuildConfiguration;
			buildSettings = {
				ALWAYS_SEARCH_USER_PATHS = NO;
				ASSETCATALOG_COMPILER_GENERATE_SWIFT_ASSET_SYMBOL_EXTENSIONS = YES;
				CLANG_ANALYZER_NONNULL = YES;
				CLANG_ANALYZER_NUMBER_OBJECT_CONVERSION = YES_AGGRESSIVE;
				CLANG_CXX_LANGUAGE_STANDARD = "gnu++20";
				CLANG_ENABLE_MODULES = YES;
				CLANG_ENABLE_OBJC_ARC = YES;
				CLANG_ENABLE_OBJC_WEAK = YES;
				CLANG_WARN_BLOCK_CAPTURE_AUTORELEASING = YES;
				CLANG_WARN_BOOL_CONVERSION = YES;
				CLANG_WARN_COMMA = YES;
				CLANG_WARN_CONSTANT_CONVERSION = YES;
				CLANG_WARN_DEPRECATED_OBJC_IMPLEMENTATIONS = YES;
				CLANG_WARN_DIRECT_OBJC_ISA_USAGE = YES_ERROR;
				CLANG_WARN_DOCUMENTATION_COMMENTS = YES;
				CLANG_WARN_EMPTY_BODY = YES;
				CLANG_WARN_ENUM_CONVERSION = YES;
				CLANG_WARN_INFINITE_RECURSION = YES;
				CLANG_WARN_INT_CONVERSION = YES;
				CLANG_WARN_NON_LITERAL_NULL_CONVERSION = YES;
				CLANG_WARN_OBJC_IMPLICIT_RETAIN_SELF = YES;
				CLANG_WARN_OBJC_LITERAL_CONVERSION = YES;
				CLANG_WARN_OBJC_ROOT_CLASS = YES_ERROR;
				CLANG_WARN_QUOTED_INCLUDE_IN_FRAMEWORK_HEADER = YES;
				CLANG_WARN_RANGE_LOOP_ANALYSIS = YES;
				CLANG_WARN_STRICT_PROTOTYPES = YES;
				CLANG_WARN_SUSPICIOUS_MOVE = YES;
				CLANG_WARN_UNGUARDED_AVAILABILITY = YES_AGGRESSIVE;
				CLANG_WARN_UNREACHABLE_CODE = YES;
				CLANG_WARN__DUPLICATE_METHOD_MATCH = YES;
				COPY_PHASE_STRIP = NO;
				DEBUG_INFORMATION_FORMAT = "dwarf-with-dsym";
				ENABLE_NS_ASSERTIONS = NO;
				ENABLE_STRICT_OBJC_MSGSEND = YES;
				ENABLE_USER_SCRIPT_SANDBOXING = YES;
				GCC_C_LANGUAGE_STANDARD = gnu17;
				GCC_NO_COMMON_BLOCKS = YES;
				GCC_WARN_64_TO_32_BIT_CONVERSION = YES;
				GCC_WARN_ABOUT_RETURN_TYPE = YES_ERROR;
				GCC_WARN_UNDECLARED_SELECTOR = YES;
				GCC_WARN_UNINITIALIZED_AUTOS = YES_AGGRESSIVE;
				GCC_WARN_UNUSED_FUNCTION = YES;
				GCC_WARN_UNUSED_VARIABLE = YES;
				IPHONEOS_DEPLOYMENT_TARGET = 26.2;
				LOCALIZATION_PREFERS_STRING_CATALOGS = YES;
				MTL_ENABLE_DEBUG_INFO = NO;
				MTL_FAST_MATH = YES;
				SDKROOT = iphoneos;
				SWIFT_COMPILATION_MODE = wholemodule;
				VALIDATE_PRODUCT = YES;
			};
			name = Release;
		};
/* End XCBuildConfiguration section */

/* Begin XCConfigurationList section */
		740D84D92F23594600419479 /* Build configuration list for PBXProject "66MindStream" */ = {
			isa = XCConfigurationList;
			buildConfigurations = (
				740D84F42F23594700419479 /* Debug */,
				740D84F52F23594700419479 /* Release */,
			);
			defaultConfigurationIsVisible = 0;
			defaultConfigurationName = Release;
		};
		740D84F12F23594700419479 /* Build configuration list for PBXNativeTarget "66MindStream" */ = {
			isa = XCConfigurationList;
			buildConfigurations = (
				740D84F22F23594700419479 /* Debug */,
				740D84F32F23594700419479 /* Release */,
			);
			defaultConfigurationIsVisible = 0;
			defaultConfigurationName = Release;
		};
/* End XCConfigurationList section */
	};
	rootObject = 740D84D62F23594600419479 /* Project object */;
}
